
Microsoft Visual Studio Solution File, Format Version 12.00
# Visual Studio 15
VisualStudioVersion = 15.0.28307.438
MinimumVisualStudioVersion = 10.0.40219.1
Project("{FAE04EC0-301F-11D3-BF4B-00C04F79EFBC}") = "SegurosEquinoccial.Pymes.Entidad", "SegurosEquinoccial.Pymes.Entidad\SegurosEquinoccial.Pymes.Entidad.csproj", "{2CD34647-BE94-4B76-9835-AF079DD550F4}"
EndProject
Project("{FAE04EC0-301F-11D3-BF4B-00C04F79EFBC}") = "SegurosEquinoccial.Pymes.Datos", "SegurosEquinoccial.Pymes.Datos\SegurosEquinoccial.Pymes.Datos.csproj", "{CE4B8E9F-E128-48F6-A5C6-8F897B27DA68}"
EndProject
Project("{FAE04EC0-301F-11D3-BF4B-00C04F79EFBC}") = "SegurosEquinoccial.Pymes.Controlador", "SegurosEquinoccial.Pymes.Controlador\SegurosEquinoccial.Pymes.Controlador.csproj", "{8A7A98BE-C635-4132-AF96-AFC926A56672}"
EndProject
Project("{FAE04EC0-301F-11D3-BF4B-00C04F79EFBC}") = "SegurosEquinoccial.Pymes.Servicio", "SegurosEquinoccial.Pymes.Servicio\SegurosEquinoccial.Pymes.Servicio.csproj", "{60D47DA7-DF40-4018-AAC2-2B4CF154861E}"
EndProject
Project("{9A19103F-16F7-4668-BE54-9A1E7A4F7556}") = "SegurosEquinoccial.Pymes.Web", "SegurosEquinoccial.Pymes.Web\SegurosEquinoccial.Pymes.Web.csproj", "{728C9DB9-22E5-477F-B820-A502CC473CF1}"
EndProject
Global
	GlobalSection(SolutionConfigurationPlatforms) = preSolution
		Debug|Any CPU = Debug|Any CPU
		Release|Any CPU = Release|Any CPU
	EndGlobalSection
	GlobalSection(ProjectConfigurationPlatforms) = postSolution
		{2CD34647-BE94-4B76-9835-AF079DD550F4}.Debug|Any CPU.ActiveCfg = Debug|Any CPU
		{2CD34647-BE94-4B76-9835-AF079DD550F4}.Debug|Any CPU.Build.0 = Debug|Any CPU
		{2CD34647-BE94-4B76-9835-AF079DD550F4}.Release|Any CPU.ActiveCfg = Release|Any CPU
		{2CD34647-BE94-4B76-9835-AF079DD550F4}.Release|Any CPU.Build.0 = Release|Any CPU
		{CE4B8E9F-E128-48F6-A5C6-8F897B27DA68}.Debug|Any CPU.ActiveCfg = Debug|Any CPU
		{CE4B8E9F-E128-48F6-A5C6-8F897B27DA68}.Debug|Any CPU.Build.0 = Debug|Any CPU
		{CE4B8E9F-E128-48F6-A5C6-8F897B27DA68}.Release|Any CPU.ActiveCfg = Release|Any CPU
		{CE4B8E9F-E128-48F6-A5C6-8F897B27DA68}.Release|Any CPU.Build.0 = Release|Any CPU
		{8A7A98BE-C635-4132-AF96-AFC926A56672}.Debug|Any CPU.ActiveCfg = Debug|Any CPU
		{8A7A98BE-C635-4132-AF96-AFC926A56672}.Debug|Any CPU.Build.0 = Debug|Any CPU
		{8A7A98BE-C635-4132-AF96-AFC926A56672}.Release|Any CPU.ActiveCfg = Release|Any CPU
		{8A7A98BE-C635-4132-AF96-AFC926A56672}.Release|Any CPU.Build.0 = Release|Any CPU
		{60D47DA7-DF40-4018-AAC2-2B4CF154861E}.Debug|Any CPU.ActiveCfg = Debug|Any CPU
		{60D47DA7-DF40-4018-AAC2-2B4CF154861E}.Debug|Any CPU.Build.0 = Debug|Any CPU
		{60D47DA7-DF40-4018-AAC2-2B4CF154861E}.Release|Any CPU.ActiveCfg = Release|Any CPU
		{60D47DA7-DF40-4018-AAC2-2B4CF154861E}.Release|Any CPU.Build.0 = Release|Any CPU
		{728C9DB9-22E5-477F-B820-A502CC473CF1}.Debug|Any CPU.ActiveCfg = Debug|Any CPU
		{728C9DB9-22E5-477F-B820-A502CC473CF1}.Debug|Any CPU.Build.0 = Debug|Any CPU
		{728C9DB9-22E5-477F-B820-A502CC473CF1}.Release|Any CPU.ActiveCfg = Release|Any CPU
		{728C9DB9-22E5-477F-B820-A502CC473CF1}.Release|Any CPU.Build.0 = Release|Any CPU
	EndGlobalSection
	GlobalSection(SolutionProperties) = preSolution
		HideSolutionNode = FALSE
	EndGlobalSection
	GlobalSection(ExtensibilityGlobals) = postSolution
		SolutionGuid = {B21D1264-6573-44D7-97D8-79491774E67A}
	EndGlobalSection
EndGlobal
